
Microsoft Visual Studio Solution File, Format Version 12.00
# Visual Studio 15
VisualStudioVersion = 15.0.27703.2047
MinimumVisualStudioVersion = 10.0.40219.1
Project("{FAE04EC0-301F-11D3-BF4B-00C04F79EFBC}") = "gcard-macro", "gcard-macro\gcard-macro.csproj", "{37B09625-485A-4B23-8DA6-9C4F29EC1700}"
EndProject
Project("{FAE04EC0-301F-11D3-BF4B-00C04F79EFBC}") = "KeyGenerator", "KeyGenerator\KeyGenerator.csproj", "{6B7EA10B-E4ED-4946-88AA-DE2B147B82C3}"
EndProject
Global
	GlobalSection(SolutionConfigurationPlatforms) = preSolution
		Chrome_Debug_NoGUI|Any CPU = Chrome_Debug_NoGUI|Any CPU
		Chrome_Debug|Any CPU = Chrome_Debug|Any CPU
		Debug|Any CPU = Debug|Any CPU
		Release|Any CPU = Release|Any CPU
	EndGlobalSection
	GlobalSection(ProjectConfigurationPlatforms) = postSolution
		{37B09625-485A-4B23-8DA6-9C4F29EC1700}.Chrome_Debug_NoGUI|Any CPU.ActiveCfg = Chrome_Debug_NoGUI|Any CPU
		{37B09625-485A-4B23-8DA6-9C4F29EC1700}.Chrome_Debug_NoGUI|Any CPU.Build.0 = Chrome_Debug_NoGUI|Any CPU
		{37B09625-485A-4B23-8DA6-9C4F29EC1700}.Chrome_Debug|Any CPU.ActiveCfg = Chrome_Debug|Any CPU
		{37B09625-485A-4B23-8DA6-9C4F29EC1700}.Chrome_Debug|Any CPU.Build.0 = Chrome_Debug|Any CPU
		{37B09625-485A-4B23-8DA6-9C4F29EC1700}.Debug|Any CPU.ActiveCfg = Debug|Any CPU
		{37B09625-485A-4B23-8DA6-9C4F29EC1700}.Debug|Any CPU.Build.0 = Debug|Any CPU
		{37B09625-485A-4B23-8DA6-9C4F29EC1700}.Release|Any CPU.ActiveCfg = Release|Any CPU
		{37B09625-485A-4B23-8DA6-9C4F29EC1700}.Release|Any CPU.Build.0 = Release|Any CPU
		{6B7EA10B-E4ED-4946-88AA-DE2B147B82C3}.Chrome_Debug_NoGUI|Any CPU.ActiveCfg = Chrome_Debug_NoGUI|Any CPU
		{6B7EA10B-E4ED-4946-88AA-DE2B147B82C3}.Chrome_Debug_NoGUI|Any CPU.Build.0 = Chrome_Debug_NoGUI|Any CPU
		{6B7EA10B-E4ED-4946-88AA-DE2B147B82C3}.Chrome_Debug|Any CPU.ActiveCfg = Debug|Any CPU
		{6B7EA10B-E4ED-4946-88AA-DE2B147B82C3}.Chrome_Debug|Any CPU.Build.0 = Debug|Any CPU
		{6B7EA10B-E4ED-4946-88AA-DE2B147B82C3}.Debug|Any CPU.ActiveCfg = Debug|Any CPU
		{6B7EA10B-E4ED-4946-88AA-DE2B147B82C3}.Debug|Any CPU.Build.0 = Debug|Any CPU
		{6B7EA10B-E4ED-4946-88AA-DE2B147B82C3}.Release|Any CPU.ActiveCfg = Release|Any CPU
		{6B7EA10B-E4ED-4946-88AA-DE2B147B82C3}.Release|Any CPU.Build.0 = Release|Any CPU
	EndGlobalSection
	GlobalSection(SolutionProperties) = preSolution
		HideSolutionNode = FALSE
	EndGlobalSection
	GlobalSection(ExtensibilityGlobals) = postSolution
		SolutionGuid = {CC7BBB11-6F06-4CFC-962C-DA2CB4101456}
	EndGlobalSection
EndGlobal
